Microsoft Visual Studio Solution File, Format Version 12.00
# Visual Studio 15
VisualStudioVersion = 15.0.28307.136
MinimumVisualStudioVersion = 10.0.40219.1
Project("{FAE04EC0-301F-11D3-BF4B-00C04F79EFBC}") = "HomeworkMobilePhone", "HomeworkDefiningClasses\HomeworkMobilePhone.csproj", "{B808AED6-B7AA-484F-8DE0-8E7F40082A66}"
EndProject
Project("{FAE04EC0-301F-11D3-BF4B-00C04F79EFBC}") = "GSMtest", "testApp\GSMtest.csproj", "{CF2FAA4C-28C3-4310-9D2F-880FF0E83CCE}"
EndProject
Global
	GlobalSection(SolutionConfigurationPlatforms) = preSolution
		Debug|Any CPU = Debug|Any CPU
		Release|Any CPU = Release|Any CPU
	EndGlobalSection
	GlobalSection(ProjectConfigurationPlatforms) = postSolution
		{B808AED6-B7AA-484F-8DE0-8E7F40082A66}.Debug|Any CPU.ActiveCfg = Debug|Any CPU
		{B808AED6-B7AA-484F-8DE0-8E7F40082A66}.Debug|Any CPU.Build.0 = Debug|Any CPU
		{B808AED6-B7AA-484F-8DE0-8E7F40082A66}.Release|Any CPU.ActiveCfg = Release|Any CPU
		{B808AED6-B7AA-484F-8DE0-8E7F40082A66}.Release|Any CPU.Build.0 = Release|Any CPU
		{CF2FAA4C-28C3-4310-9D2F-880FF0E83CCE}.Debug|Any CPU.ActiveCfg = Debug|Any CPU
		{CF2FAA4C-28C3-4310-9D2F-880FF0E83CCE}.Debug|Any CPU.Build.0 = Debug|Any CPU
		{CF2FAA4C-28C3-4310-9D2F-880FF0E83CCE}.Release|Any CPU.ActiveCfg = Release|Any CPU
		{CF2FAA4C-28C3-4310-9D2F-880FF0E83CCE}.Release|Any CPU.Build.0 = Release|Any CPU
	EndGlobalSection
	GlobalSection(SolutionProperties) = preSolution
		HideSolutionNode = FALSE
	EndGlobalSection
	GlobalSection(ExtensibilityGlobals) = postSolution
		SolutionGuid = {9CD28773-59DB-4B84-8243-93EFE76F7F54}
	EndGlobalSection
EndGlobal
